
Microsoft Visual Studio Solution File, Format Version 12.00
# Visual Studio Version 17
VisualStudioVersion = 17.7.34024.191
MinimumVisualStudioVersion = 10.0.40219.1
Project("{FAE04EC0-301F-11D3-BF4B-00C04F79EFBC}") = "GenerationCodeUnique", "GenerationCodeUnique\GenerationCodeUnique.csproj", "{1C19E1A0-C80B-41EC-86DE-F65E4F82B5F4}"
EndProject
Project("{FAE04EC0-301F-11D3-BF4B-00C04F79EFBC}") = "UnitTestProjectHelper", "UnitTestProjectHelper\UnitTestProjectHelper.csproj", "{827E1FA4-7F15-4FFA-82D0-A57CDC78F45A}"
EndProject
Project("{FAE04EC0-301F-11D3-BF4B-00C04F79EFBC}") = "LibraryHelper", "LibraryHelper\LibraryHelper.csproj", "{CDC44416-7B9C-49F0-B72B-04E9FE67DA3D}"
EndProject
Project("{FAE04EC0-301F-11D3-BF4B-00C04F79EFBC}") = "ChangeUnitTestFromV2ToV3", "ChangeUnitTestFromV2ToV3\ChangeUnitTestFromV2ToV3.csproj", "{79547A4F-C4DA-4F93-BE0C-22875B698F51}"
EndProject
Global
	GlobalSection(SolutionConfigurationPlatforms) = preSolution
		Debug|Any CPU = Debug|Any CPU
		Release|Any CPU = Release|Any CPU
	EndGlobalSection
	GlobalSection(ProjectConfigurationPlatforms) = postSolution
		{1C19E1A0-C80B-41EC-86DE-F65E4F82B5F4}.Debug|Any CPU.ActiveCfg = Debug|Any CPU
		{1C19E1A0-C80B-41EC-86DE-F65E4F82B5F4}.Debug|Any CPU.Build.0 = Debug|Any CPU
		{1C19E1A0-C80B-41EC-86DE-F65E4F82B5F4}.Release|Any CPU.ActiveCfg = Release|Any CPU
		{1C19E1A0-C80B-41EC-86DE-F65E4F82B5F4}.Release|Any CPU.Build.0 = Release|Any CPU
		{827E1FA4-7F15-4FFA-82D0-A57CDC78F45A}.Debug|Any CPU.ActiveCfg = Debug|Any CPU
		{827E1FA4-7F15-4FFA-82D0-A57CDC78F45A}.Debug|Any CPU.Build.0 = Debug|Any CPU
		{827E1FA4-7F15-4FFA-82D0-A57CDC78F45A}.Release|Any CPU.ActiveCfg = Release|Any CPU
		{827E1FA4-7F15-4FFA-82D0-A57CDC78F45A}.Release|Any CPU.Build.0 = Release|Any CPU
		{CDC44416-7B9C-49F0-B72B-04E9FE67DA3D}.Debug|Any CPU.ActiveCfg = Debug|Any CPU
		{CDC44416-7B9C-49F0-B72B-04E9FE67DA3D}.Debug|Any CPU.Build.0 = Debug|Any CPU
		{CDC44416-7B9C-49F0-B72B-04E9FE67DA3D}.Release|Any CPU.ActiveCfg = Release|Any CPU
		{CDC44416-7B9C-49F0-B72B-04E9FE67DA3D}.Release|Any CPU.Build.0 = Release|Any CPU
		{79547A4F-C4DA-4F93-BE0C-22875B698F51}.Debug|Any CPU.ActiveCfg = Debug|Any CPU
		{79547A4F-C4DA-4F93-BE0C-22875B698F51}.Debug|Any CPU.Build.0 = Debug|Any CPU
		{79547A4F-C4DA-4F93-BE0C-22875B698F51}.Release|Any CPU.ActiveCfg = Release|Any CPU
		{79547A4F-C4DA-4F93-BE0C-22875B698F51}.Release|Any CPU.Build.0 = Release|Any CPU
	EndGlobalSection
	GlobalSection(SolutionProperties) = preSolution
		HideSolutionNode = FALSE
	EndGlobalSection
	GlobalSection(ExtensibilityGlobals) = postSolution
		SolutionGuid = {A56D4020-202E-47A3-BE37-08340A678CD9}
	EndGlobalSection
EndGlobal
