
Microsoft Visual Studio Solution File, Format Version 12.00
# Visual Studio 15
VisualStudioVersion = 15.0.28307.902
MinimumVisualStudioVersion = 10.0.40219.1
Project("{FAE04EC0-301F-11D3-BF4B-00C04F79EFBC}") = "GenerationCodeUnique", "GenerationCodeUnique\GenerationCodeUnique.csproj", "{1C19E1A0-C80B-41EC-86DE-F65E4F82B5F4}"
EndProject
Global
	GlobalSection(SolutionConfigurationPlatforms) = preSolution
		Debug|Any CPU = Debug|Any CPU
		Release|Any CPU = Release|Any CPU
	EndGlobalSection
	GlobalSection(ProjectConfigurationPlatforms) = postSolution
		{1C19E1A0-C80B-41EC-86DE-F65E4F82B5F4}.Debug|Any CPU.ActiveCfg = Debug|Any CPU
		{1C19E1A0-C80B-41EC-86DE-F65E4F82B5F4}.Debug|Any CPU.Build.0 = Debug|Any CPU
		{1C19E1A0-C80B-41EC-86DE-F65E4F82B5F4}.Release|Any CPU.ActiveCfg = Release|Any CPU
		{1C19E1A0-C80B-41EC-86DE-F65E4F82B5F4}.Release|Any CPU.Build.0 = Release|Any CPU
	EndGlobalSection
	GlobalSection(SolutionProperties) = preSolution
		HideSolutionNode = FALSE
	EndGlobalSection
	GlobalSection(ExtensibilityGlobals) = postSolution
		SolutionGuid = {A56D4020-202E-47A3-BE37-08340A678CD9}
	EndGlobalSection
EndGlobal
